
Microsoft Visual Studio Solution File, Format Version 12.00
# Visual Studio Version 16
VisualStudioVersion = 16.0.29418.71
MinimumVisualStudioVersion = 10.0.40219.1
Project("{9A19103F-16F7-4668-BE54-9A1E7A4F7556}") = "NetCommonUtilities", "NetCommonUtilities\NetCommonUtilities.csproj", "{45C6FB00-08D1-4B6D-BA17-C7CB249CF3E2}"
EndProject
Project("{9A19103F-16F7-4668-BE54-9A1E7A4F7556}") = "NetDataMaskingLib", "NetDataMaskingLib\NetDataMaskingLib.csproj", "{EB018AA2-B34A-4F69-8419-1597AEF0860C}"
EndProject
Project("{FAE04EC0-301F-11D3-BF4B-00C04F79EFBC}") = "DataMaskingConfigurator", "DataMaskingConfigurator\DataMaskingConfigurator.csproj", "{6C1B0732-C64F-4A04-969D-8036E3920829}"
EndProject
Project("{FAE04EC0-301F-11D3-BF4B-00C04F79EFBC}") = "NetFileWatcherWinService", "NetFileWatcherWinService\NetFileWatcherWinService.csproj", "{E626A93E-1178-46E4-8EF8-8AFF72E14E4F}"
EndProject
Project("{FAE04EC0-301F-11D3-BF4B-00C04F79EFBC}") = "DataGridViewAutoFilter", "DataGridViewAutoFilter\DataGridViewAutoFilter.csproj", "{5A4B4B14-D3B5-4D54-80EC-0877C1E6E73A}"
EndProject
Global
	GlobalSection(SolutionConfigurationPlatforms) = preSolution
		Debug|Any CPU = Debug|Any CPU
		Release|Any CPU = Release|Any CPU
	EndGlobalSection
	GlobalSection(ProjectConfigurationPlatforms) = postSolution
		{45C6FB00-08D1-4B6D-BA17-C7CB249CF3E2}.Debug|Any CPU.ActiveCfg = Debug|Any CPU
		{45C6FB00-08D1-4B6D-BA17-C7CB249CF3E2}.Debug|Any CPU.Build.0 = Debug|Any CPU
		{45C6FB00-08D1-4B6D-BA17-C7CB249CF3E2}.Release|Any CPU.ActiveCfg = Release|Any CPU
		{45C6FB00-08D1-4B6D-BA17-C7CB249CF3E2}.Release|Any CPU.Build.0 = Release|Any CPU
		{EB018AA2-B34A-4F69-8419-1597AEF0860C}.Debug|Any CPU.ActiveCfg = Debug|Any CPU
		{EB018AA2-B34A-4F69-8419-1597AEF0860C}.Debug|Any CPU.Build.0 = Debug|Any CPU
		{EB018AA2-B34A-4F69-8419-1597AEF0860C}.Release|Any CPU.ActiveCfg = Release|Any CPU
		{EB018AA2-B34A-4F69-8419-1597AEF0860C}.Release|Any CPU.Build.0 = Release|Any CPU
		{6C1B0732-C64F-4A04-969D-8036E3920829}.Debug|Any CPU.ActiveCfg = Debug|Any CPU
		{6C1B0732-C64F-4A04-969D-8036E3920829}.Debug|Any CPU.Build.0 = Debug|Any CPU
		{6C1B0732-C64F-4A04-969D-8036E3920829}.Release|Any CPU.ActiveCfg = Release|Any CPU
		{6C1B0732-C64F-4A04-969D-8036E3920829}.Release|Any CPU.Build.0 = Release|Any CPU
		{E626A93E-1178-46E4-8EF8-8AFF72E14E4F}.Debug|Any CPU.ActiveCfg = Debug|Any CPU
		{E626A93E-1178-46E4-8EF8-8AFF72E14E4F}.Debug|Any CPU.Build.0 = Debug|Any CPU
		{E626A93E-1178-46E4-8EF8-8AFF72E14E4F}.Release|Any CPU.ActiveCfg = Release|Any CPU
		{E626A93E-1178-46E4-8EF8-8AFF72E14E4F}.Release|Any CPU.Build.0 = Release|Any CPU
		{5A4B4B14-D3B5-4D54-80EC-0877C1E6E73A}.Debug|Any CPU.ActiveCfg = Debug|Any CPU
		{5A4B4B14-D3B5-4D54-80EC-0877C1E6E73A}.Debug|Any CPU.Build.0 = Debug|Any CPU
		{5A4B4B14-D3B5-4D54-80EC-0877C1E6E73A}.Release|Any CPU.ActiveCfg = Release|Any CPU
		{5A4B4B14-D3B5-4D54-80EC-0877C1E6E73A}.Release|Any CPU.Build.0 = Release|Any CPU
	EndGlobalSection
	GlobalSection(SolutionProperties) = preSolution
		HideSolutionNode = FALSE
	EndGlobalSection
	GlobalSection(ExtensibilityGlobals) = postSolution
		SolutionGuid = {188ADCCC-F500-472C-A794-D2FCEB07DFED}
	EndGlobalSection
EndGlobal
